// !$*UTF8*$!
{
	archiveVersion = 1;
	classes = {
	};
	objectVersion = 51;
	objects = {

/* Begin PBXBuildFile section */
		21F2DCA471BEB631093180C3 /* Pods_ElectroluxCodingExercise.framework in Frameworks */ = {isa = PBXBuildFile; fileRef = E2F7DBBDEE7EB93191203D6F /* Pods_ElectroluxCodingExercise.framework */; };
		6709B7A8873C0A18C78A6DCC /* Pods_ElectroluxCodingExercise_ElectroluxCodingExerciseUITests.framework in Frameworks */ = {isa = PBXBuildFile; fileRef = E09E6E016F9FDB35D1A1C072 /* Pods_ElectroluxCodingExercise_ElectroluxCodingExerciseUITests.framework */; };
		B5210D139FCB912B5F22D7C7 /* Pods_ElectroluxCodingExerciseTests.framework in Frameworks */ = {isa = PBXBuildFile; fileRef = 1AAE70896F553566E8B8F317 /* Pods_ElectroluxCodingExerciseTests.framework */; };
		E85C09A226A7D15100C1C073 /* PhotoCellViewModel.swift in Sources */ = {isa = PBXBuildFile; fileRef = E85C09A126A7D15100C1C073 /* PhotoCellViewModel.swift */; };
		E85C09A526A7D32300C1C073 /* TwoColumnLayout.swift in Sources */ = {isa = PBXBuildFile; fileRef = E85C09A426A7D32300C1C073 /* TwoColumnLayout.swift */; };
		E85C09A726A7D4B200C1C073 /* PhotoCollectionCell.swift in Sources */ = {isa = PBXBuildFile; fileRef = E85C09A626A7D4B200C1C073 /* PhotoCollectionCell.swift */; };
		E85C09AA26A7D88000C1C073 /* ConfigurationProtocol.swift in Sources */ = {isa = PBXBuildFile; fileRef = E85C09A926A7D88000C1C073 /* ConfigurationProtocol.swift */; };
		E85C09AC26A7D8B200C1C073 /* MainScreenPresenter.swift in Sources */ = {isa = PBXBuildFile; fileRef = E85C09AB26A7D8B200C1C073 /* MainScreenPresenter.swift */; };
		E85C09AE26A7D9A700C1C073 /* MainScreenConfiguration.swift in Sources */ = {isa = PBXBuildFile; fileRef = E85C09AD26A7D9A700C1C073 /* MainScreenConfiguration.swift */; };
		E85C09B226A7DC9F00C1C073 /* ResponseDTO.swift in Sources */ = {isa = PBXBuildFile; fileRef = E85C09B126A7DC9F00C1C073 /* ResponseDTO.swift */; };
		E85C09B426A7DCD100C1C073 /* PhotoDTO.swift in Sources */ = {isa = PBXBuildFile; fileRef = E85C09B326A7DCD100C1C073 /* PhotoDTO.swift */; };
		E85C09B826A7DD4300C1C073 /* SearchQueryProtocol.swift in Sources */ = {isa = PBXBuildFile; fileRef = E85C09B726A7DD4300C1C073 /* SearchQueryProtocol.swift */; };
		E85C09BA26A7DD6D00C1C073 /* SearchQuery.swift in Sources */ = {isa = PBXBuildFile; fileRef = E85C09B926A7DD6D00C1C073 /* SearchQuery.swift */; };
		E85C09BD26A7DEB100C1C073 /* PhotoModel.swift in Sources */ = {isa = PBXBuildFile; fileRef = E85C09BC26A7DEB100C1C073 /* PhotoModel.swift */; };
		E85C09C226A7E4B300C1C073 /* ImageLoaderProtocol.swift in Sources */ = {isa = PBXBuildFile; fileRef = E85C09C126A7E4B300C1C073 /* ImageLoaderProtocol.swift */; };
		E85C09C426A7E4E000C1C073 /* ImageCacheProtocol.swift in Sources */ = {isa = PBXBuildFile; fileRef = E85C09C326A7E4E000C1C073 /* ImageCacheProtocol.swift */; };
		E85C09C626A7E4FC00C1C073 /* ImageLoader.swift in Sources */ = {isa = PBXBuildFile; fileRef = E85C09C526A7E4FC00C1C073 /* ImageLoader.swift */; };
		E85C09C826A7E57500C1C073 /* ImageCache.swift in Sources */ = {isa = PBXBuildFile; fileRef = E85C09C726A7E57500C1C073 /* ImageCache.swift */; };
		E85C09CB26A827ED00C1C073 /* DetailsScreenView.swift in Sources */ = {isa = PBXBuildFile; fileRef = E85C09CA26A827ED00C1C073 /* DetailsScreenView.swift */; };
		E85C09CD26A8280300C1C073 /* DetailsScreenProtocol.swift in Sources */ = {isa = PBXBuildFile; fileRef = E85C09CC26A8280300C1C073 /* DetailsScreenProtocol.swift */; };
		E85C09CF26A82B2D00C1C073 /* DetailsScreenPresenter.swift in Sources */ = {isa = PBXBuildFile; fileRef = E85C09CE26A82B2D00C1C073 /* DetailsScreenPresenter.swift */; };
		E85C09D126A82BBD00C1C073 /* DetailsScreenViewModel.swift in Sources */ = {isa = PBXBuildFile; fileRef = E85C09D026A82BBD00C1C073 /* DetailsScreenViewModel.swift */; };
		E85C09D326A82D9000C1C073 /* DetailsScreenConfiguration.swift in Sources */ = {isa = PBXBuildFile; fileRef = E85C09D226A82D9000C1C073 /* DetailsScreenConfiguration.swift */; };
		E85C09D626A8376300C1C073 /* MainScreenRouterProtocol.swift in Sources */ = {isa = PBXBuildFile; fileRef = E85C09D526A8376300C1C073 /* MainScreenRouterProtocol.swift */; };
		E85C09D826A8379900C1C073 /* MainScreenRouter.swift in Sources */ = {isa = PBXBuildFile; fileRef = E85C09D726A8379900C1C073 /* MainScreenRouter.swift */; };
		E8909E4F26A7CD12003D2E8A /* AppDelegate.swift in Sources */ = {isa = PBXBuildFile; fileRef = E8909E4E26A7CD12003D2E8A /* AppDelegate.swift */; };
		E8909E5126A7CD12003D2E8A /* SceneDelegate.swift in Sources */ = {isa = PBXBuildFile; fileRef = E8909E5026A7CD12003D2E8A /* SceneDelegate.swift */; };
		E8909E5626A7CD12003D2E8A /* Main.storyboard in Resources */ = {isa = PBXBuildFile; fileRef = E8909E5426A7CD12003D2E8A /* Main.storyboard */; };
		E8909E5826A7CD16003D2E8A /* Assets.xcassets in Resources */ = {isa = PBXBuildFile; fileRef = E8909E5726A7CD16003D2E8A /* Assets.xcassets */; };
		E8909E5B26A7CD16003D2E8A /* LaunchScreen.storyboard in Resources */ = {isa = PBXBuildFile; fileRef = E8909E5926A7CD16003D2E8A /* LaunchScreen.storyboard */; };
		E8909E6626A7CD16003D2E8A /* ElectroluxCodingExerciseTests.swift in Sources */ = {isa = PBXBuildFile; fileRef = E8909E6526A7CD16003D2E8A /* ElectroluxCodingExerciseTests.swift */; };
		E8909E7126A7CD16003D2E8A /* ElectroluxCodingExerciseUITests.swift in Sources */ = {isa = PBXBuildFile; fileRef = E8909E7026A7CD16003D2E8A /* ElectroluxCodingExerciseUITests.swift */; };
		E8909E8226A7CFC4003D2E8A /* MainScreenProtocol.swift in Sources */ = {isa = PBXBuildFile; fileRef = E8909E8126A7CFC4003D2E8A /* MainScreenProtocol.swift */; };
		E8909E8426A7D004003D2E8A /* MainScreenView.swift in Sources */ = {isa = PBXBuildFile; fileRef = E8909E8326A7D004003D2E8A /* MainScreenView.swift */; };
/* End PBXBuildFile section */

/* Begin PBXContainerItemProxy section */
		E8909E6226A7CD16003D2E8A /* PBXContainerItemProxy */ = {
			isa = PBXContainerItemProxy;
			containerPortal = E8909E4326A7CD12003D2E8A /* Project object */;
			proxyType = 1;
			remoteGlobalIDString = E8909E4A26A7CD12003D2E8A;
			remoteInfo = ElectroluxCodingExercise;
		};
		E8909E6D26A7CD16003D2E8A /* PBXContainerItemProxy */ = {
			isa = PBXContainerItemProxy;
			containerPortal = E8909E4326A7CD12003D2E8A /* Project object */;
			proxyType = 1;
			remoteGlobalIDString = E8909E4A26A7CD12003D2E8A;
			remoteInfo = ElectroluxCodingExercise;
		};
/* End PBXContainerItemProxy section */

/* Begin PBXFileReference section */
		0782F87EBB43C9CED113DA2A /* Pods-ElectroluxCodingExercise.debug.xcconfig */ = {isa = PBXFileReference; includeInIndex = 1; lastKnownFileType = text.xcconfig; name = "Pods-ElectroluxCodingExercise.debug.xcconfig"; path = "Target Support Files/Pods-ElectroluxCodingExercise/Pods-ElectroluxCodingExercise.debug.xcconfig"; sourceTree = "<group>"; };
		1AAE70896F553566E8B8F317 /* Pods_ElectroluxCodingExerciseTests.framework */ = {isa = PBXFileReference; explicitFileType = wrapper.framework; includeInIndex = 0; path = Pods_ElectroluxCodingExerciseTests.framework; sourceTree = BUILT_PRODUCTS_DIR; };
		6120D7299715C733690BFC5A /* Pods-ElectroluxCodingExerciseTests.debug.xcconfig */ = {isa = PBXFileReference; includeInIndex = 1; lastKnownFileType = text.xcconfig; name = "Pods-ElectroluxCodingExerciseTests.debug.xcconfig"; path = "Target Support Files/Pods-ElectroluxCodingExerciseTests/Pods-ElectroluxCodingExerciseTests.debug.xcconfig"; sourceTree = "<group>"; };
		7F819B1BFB50E374F20589E1 /* Pods-ElectroluxCodingExerciseTests.release.xcconfig */ = {isa = PBXFileReference; includeInIndex = 1; lastKnownFileType = text.xcconfig; name = "Pods-ElectroluxCodingExerciseTests.release.xcconfig"; path = "Target Support Files/Pods-ElectroluxCodingExerciseTests/Pods-ElectroluxCodingExerciseTests.release.xcconfig"; sourceTree = "<group>"; };
		8154D9561F2E95B7B936F7E5 /* Pods-ElectroluxCodingExercise.release.xcconfig */ = {isa = PBXFileReference; includeInIndex = 1; lastKnownFileType = text.xcconfig; name = "Pods-ElectroluxCodingExercise.release.xcconfig"; path = "Target Support Files/Pods-ElectroluxCodingExercise/Pods-ElectroluxCodingExercise.release.xcconfig"; sourceTree = "<group>"; };
		8EAC8B76EC6E3AE056A6328A /* Pods-ElectroluxCodingExercise-ElectroluxCodingExerciseUITests.debug.xcconfig */ = {isa = PBXFileReference; includeInIndex = 1; lastKnownFileType = text.xcconfig; name = "Pods-ElectroluxCodingExercise-ElectroluxCodingExerciseUITests.debug.xcconfig"; path = "Target Support Files/Pods-ElectroluxCodingExercise-ElectroluxCodingExerciseUITests/Pods-ElectroluxCodingExercise-ElectroluxCodingExerciseUITests.debug.xcconfig"; sourceTree = "<group>"; };
		CFDC9642DCDE287CE009A486 /* Pods-ElectroluxCodingExercise-ElectroluxCodingExerciseUITests.release.xcconfig */ = {isa = PBXFileReference; includeInIndex = 1; lastKnownFileType = text.xcconfig; name = "Pods-ElectroluxCodingExercise-ElectroluxCodingExerciseUITests.release.xcconfig"; path = "Target Support Files/Pods-ElectroluxCodingExercise-ElectroluxCodingExerciseUITests/Pods-ElectroluxCodingExercise-ElectroluxCodingExerciseUITests.release.xcconfig"; sourceTree = "<group>"; };
		E09E6E016F9FDB35D1A1C072 /* Pods_ElectroluxCodingExercise_ElectroluxCodingExerciseUITests.framework */ = {isa = PBXFileReference; explicitFileType = wrapper.framework; includeInIndex = 0; path = Pods_ElectroluxCodingExercise_ElectroluxCodingExerciseUITests.framework; sourceTree = BUILT_PRODUCTS_DIR; };
		E2F7DBBDEE7EB93191203D6F /* Pods_ElectroluxCodingExercise.framework */ = {isa = PBXFileReference; explicitFileType = wrapper.framework; includeInIndex = 0; path = Pods_ElectroluxCodingExercise.framework; sourceTree = BUILT_PRODUCTS_DIR; };
		E85C09A126A7D15100C1C073 /* PhotoCellViewModel.swift */ = {isa = PBXFileReference; lastKnownFileType = sourcecode.swift; path = PhotoCellViewModel.swift; sourceTree = "<group>"; };
		E85C09A426A7D32300C1C073 /* TwoColumnLayout.swift */ = {isa = PBXFileReference; lastKnownFileType = sourcecode.swift; path = TwoColumnLayout.swift; sourceTree = "<group>"; };
		E85C09A626A7D4B200C1C073 /* PhotoCollectionCell.swift */ = {isa = PBXFileReference; lastKnownFileType = sourcecode.swift; path = PhotoCollectionCell.swift; sourceTree = "<group>"; };
		E85C09A926A7D88000C1C073 /* ConfigurationProtocol.swift */ = {isa = PBXFileReference; lastKnownFileType = sourcecode.swift; path = ConfigurationProtocol.swift; sourceTree = "<group>"; };
		E85C09AB26A7D8B200C1C073 /* MainScreenPresenter.swift */ = {isa = PBXFileReference; lastKnownFileType = sourcecode.swift; path = MainScreenPresenter.swift; sourceTree = "<group>"; };
		E85C09AD26A7D9A700C1C073 /* MainScreenConfiguration.swift */ = {isa = PBXFileReference; lastKnownFileType = sourcecode.swift; path = MainScreenConfiguration.swift; sourceTree = "<group>"; };
		E85C09B126A7DC9F00C1C073 /* ResponseDTO.swift */ = {isa = PBXFileReference; lastKnownFileType = sourcecode.swift; path = ResponseDTO.swift; sourceTree = "<group>"; };
		E85C09B326A7DCD100C1C073 /* PhotoDTO.swift */ = {isa = PBXFileReference; lastKnownFileType = sourcecode.swift; path = PhotoDTO.swift; sourceTree = "<group>"; };
		E85C09B726A7DD4300C1C073 /* SearchQueryProtocol.swift */ = {isa = PBXFileReference; lastKnownFileType = sourcecode.swift; path = SearchQueryProtocol.swift; sourceTree = "<group>"; };
		E85C09B926A7DD6D00C1C073 /* SearchQuery.swift */ = {isa = PBXFileReference; lastKnownFileType = sourcecode.swift; path = SearchQuery.swift; sourceTree = "<group>"; };
		E85C09BC26A7DEB100C1C073 /* PhotoModel.swift */ = {isa = PBXFileReference; lastKnownFileType = sourcecode.swift; path = PhotoModel.swift; sourceTree = "<group>"; };
		E85C09C126A7E4B300C1C073 /* ImageLoaderProtocol.swift */ = {isa = PBXFileReference; lastKnownFileType = sourcecode.swift; path = ImageLoaderProtocol.swift; sourceTree = "<group>"; };
		E85C09C326A7E4E000C1C073 /* ImageCacheProtocol.swift */ = {isa = PBXFileReference; lastKnownFileType = sourcecode.swift; path = ImageCacheProtocol.swift; sourceTree = "<group>"; };
		E85C09C526A7E4FC00C1C073 /* ImageLoader.swift */ = {isa = PBXFileReference; lastKnownFileType = sourcecode.swift; path = ImageLoader.swift; sourceTree = "<group>"; };
		E85C09C726A7E57500C1C073 /* ImageCache.swift */ = {isa = PBXFileReference; lastKnownFileType = sourcecode.swift; path = ImageCache.swift; sourceTree = "<group>"; };
		E85C09CA26A827ED00C1C073 /* DetailsScreenView.swift */ = {isa = PBXFileReference; lastKnownFileType = sourcecode.swift; path = DetailsScreenView.swift; sourceTree = "<group>"; };
		E85C09CC26A8280300C1C073 /* DetailsScreenProtocol.swift */ = {isa = PBXFileReference; lastKnownFileType = sourcecode.swift; path = DetailsScreenProtocol.swift; sourceTree = "<group>"; };
		E85C09CE26A82B2D00C1C073 /* DetailsScreenPresenter.swift */ = {isa = PBXFileReference; lastKnownFileType = sourcecode.swift; path = DetailsScreenPresenter.swift; sourceTree = "<group>"; };
		E85C09D026A82BBD00C1C073 /* DetailsScreenViewModel.swift */ = {isa = PBXFileReference; lastKnownFileType = sourcecode.swift; path = DetailsScreenViewModel.swift; sourceTree = "<group>"; };
		E85C09D226A82D9000C1C073 /* DetailsScreenConfiguration.swift */ = {isa = PBXFileReference; lastKnownFileType = sourcecode.swift; path = DetailsScreenConfiguration.swift; sourceTree = "<group>"; };
		E85C09D526A8376300C1C073 /* MainScreenRouterProtocol.swift */ = {isa = PBXFileReference; lastKnownFileType = sourcecode.swift; path = MainScreenRouterProtocol.swift; sourceTree = "<group>"; };
		E85C09D726A8379900C1C073 /* MainScreenRouter.swift */ = {isa = PBXFileReference; lastKnownFileType = sourcecode.swift; path = MainScreenRouter.swift; sourceTree = "<group>"; };
		E8909E4B26A7CD12003D2E8A /* ElectroluxCodingExercise.app */ = {isa = PBXFileReference; explicitFileType = wrapper.application; includeInIndex = 0; path = ElectroluxCodingExercise.app; sourceTree = BUILT_PRODUCTS_DIR; };
		E8909E4E26A7CD12003D2E8A /* AppDelegate.swift */ = {isa = PBXFileReference; lastKnownFileType = sourcecode.swift; path = AppDelegate.swift; sourceTree = "<group>"; };
		E8909E5026A7CD12003D2E8A /* SceneDelegate.swift */ = {isa = PBXFileReference; lastKnownFileType = sourcecode.swift; path = SceneDelegate.swift; sourceTree = "<group>"; };
		E8909E5526A7CD12003D2E8A /* Base */ = {isa = PBXFileReference; lastKnownFileType = file.storyboard; name = Base; path = Base.lproj/Main.storyboard; sourceTree = "<group>"; };
		E8909E5726A7CD16003D2E8A /* Assets.xcassets */ = {isa = PBXFileReference; lastKnownFileType = folder.assetcatalog; path = Assets.xcassets; sourceTree = "<group>"; };
		E8909E5A26A7CD16003D2E8A /* Base */ = {isa = PBXFileReference; lastKnownFileType = file.storyboard; name = Base; path = Base.lproj/LaunchScreen.storyboard; sourceTree = "<group>"; };
		E8909E5C26A7CD16003D2E8A /* Info.plist */ = {isa = PBXFileReference; lastKnownFileType = text.plist.xml; path = Info.plist; sourceTree = "<group>"; };
		E8909E6126A7CD16003D2E8A /* ElectroluxCodingExerciseTests.xctest */ = {isa = PBXFileReference; explicitFileType = wrapper.cfbundle; includeInIndex = 0; path = ElectroluxCodingExerciseTests.xctest; sourceTree = BUILT_PRODUCTS_DIR; };
		E8909E6526A7CD16003D2E8A /* ElectroluxCodingExerciseTests.swift */ = {isa = PBXFileReference; lastKnownFileType = sourcecode.swift; path = ElectroluxCodingExerciseTests.swift; sourceTree = "<group>"; };
		E8909E6726A7CD16003D2E8A /* Info.plist */ = {isa = PBXFileReference; lastKnownFileType = text.plist.xml; path = Info.plist; sourceTree = "<group>"; };
		E8909E6C26A7CD16003D2E8A /* ElectroluxCodingExerciseUITests.xctest */ = {isa = PBXFileReference; explicitFileType = wrapper.cfbundle; includeInIndex = 0; path = ElectroluxCodingExerciseUITests.xctest; sourceTree = BUILT_PRODUCTS_DIR; };
		E8909E7026A7CD16003D2E8A /* ElectroluxCodingExerciseUITests.swift */ = {isa = PBXFileReference; lastKnownFileType = sourcecode.swift; path = ElectroluxCodingExerciseUITests.swift; sourceTree = "<group>"; };
		E8909E7226A7CD16003D2E8A /* Info.plist */ = {isa = PBXFileReference; lastKnownFileType = text.plist.xml; path = Info.plist; sourceTree = "<group>"; };
		E8909E8126A7CFC4003D2E8A /* MainScreenProtocol.swift */ = {isa = PBXFileReference; lastKnownFileType = sourcecode.swift; path = MainScreenProtocol.swift; sourceTree = "<group>"; };
		E8909E8326A7D004003D2E8A /* MainScreenView.swift */ = {isa = PBXFileReference; lastKnownFileType = sourcecode.swift; path = MainScreenView.swift; sourceTree = "<group>"; };
/* End PBXFileReference section */

/* Begin PBXFrameworksBuildPhase section */
		E8909E4826A7CD12003D2E8A /* Frameworks */ = {
			isa = PBXFrameworksBuildPhase;
			buildActionMask = 2147483647;
			files = (
				21F2DCA471BEB631093180C3 /* Pods_ElectroluxCodingExercise.framework in Frameworks */,
			);
			runOnlyForDeploymentPostprocessing = 0;
		};
		E8909E5E26A7CD16003D2E8A /* Frameworks */ = {
			isa = PBXFrameworksBuildPhase;
			buildActionMask = 2147483647;
			files = (
				B5210D139FCB912B5F22D7C7 /* Pods_ElectroluxCodingExerciseTests.framework in Frameworks */,
			);
			runOnlyForDeploymentPostprocessing = 0;
		};
		E8909E6926A7CD16003D2E8A /* Frameworks */ = {
			isa = PBXFrameworksBuildPhase;
			buildActionMask = 2147483647;
			files = (
				6709B7A8873C0A18C78A6DCC /* Pods_ElectroluxCodingExercise_ElectroluxCodingExerciseUITests.framework in Frameworks */,
			);
			runOnlyForDeploymentPostprocessing = 0;
		};
/* End PBXFrameworksBuildPhase section */

/* Begin PBXGroup section */
		7ACB33E956238338C61132E8 /* Pods */ = {
			isa = PBXGroup;
			children = (
				0782F87EBB43C9CED113DA2A /* Pods-ElectroluxCodingExercise.debug.xcconfig */,
				8154D9561F2E95B7B936F7E5 /* Pods-ElectroluxCodingExercise.release.xcconfig */,
				8EAC8B76EC6E3AE056A6328A /* Pods-ElectroluxCodingExercise-ElectroluxCodingExerciseUITests.debug.xcconfig */,
				CFDC9642DCDE287CE009A486 /* Pods-ElectroluxCodingExercise-ElectroluxCodingExerciseUITests.release.xcconfig */,
				6120D7299715C733690BFC5A /* Pods-ElectroluxCodingExerciseTests.debug.xcconfig */,
				7F819B1BFB50E374F20589E1 /* Pods-ElectroluxCodingExerciseTests.release.xcconfig */,
			);
			path = Pods;
			sourceTree = "<group>";
		};
		A0FA274DD50EB5E3176ED7DF /* Frameworks */ = {
			isa = PBXGroup;
			children = (
				E2F7DBBDEE7EB93191203D6F /* Pods_ElectroluxCodingExercise.framework */,
				E09E6E016F9FDB35D1A1C072 /* Pods_ElectroluxCodingExercise_ElectroluxCodingExerciseUITests.framework */,
				1AAE70896F553566E8B8F317 /* Pods_ElectroluxCodingExerciseTests.framework */,
			);
			name = Frameworks;
			sourceTree = "<group>";
		};
		E85C09A026A7D13F00C1C073 /* Cells */ = {
			isa = PBXGroup;
			children = (
				E85C09A126A7D15100C1C073 /* PhotoCellViewModel.swift */,
				E85C09A626A7D4B200C1C073 /* PhotoCollectionCell.swift */,
			);
			path = Cells;
			sourceTree = "<group>";
		};
		E85C09A326A7D30900C1C073 /* Layout */ = {
			isa = PBXGroup;
			children = (
				E85C09A426A7D32300C1C073 /* TwoColumnLayout.swift */,
			);
			path = Layout;
			sourceTree = "<group>";
		};
		E85C09A826A7D85500C1C073 /* Configuration */ = {
			isa = PBXGroup;
			children = (
				E85C09A926A7D88000C1C073 /* ConfigurationProtocol.swift */,
				E85C09AD26A7D9A700C1C073 /* MainScreenConfiguration.swift */,
				E85C09D226A82D9000C1C073 /* DetailsScreenConfiguration.swift */,
			);
			path = Configuration;
			sourceTree = "<group>";
		};
		E85C09AF26A7DC7300C1C073 /* Data */ = {
			isa = PBXGroup;
			children = (
				E85C09B626A7DD1E00C1C073 /* Queries */,
				E85C09B026A7DC8E00C1C073 /* DTOs */,
			);
			path = Data;
			sourceTree = "<group>";
		};
		E85C09B026A7DC8E00C1C073 /* DTOs */ = {
			isa = PBXGroup;
			children = (
				E85C09B126A7DC9F00C1C073 /* ResponseDTO.swift */,
				E85C09B326A7DCD100C1C073 /* PhotoDTO.swift */,
			);
			path = DTOs;
			sourceTree = "<group>";
		};
		E85C09B626A7DD1E00C1C073 /* Queries */ = {
			isa = PBXGroup;
			children = (
				E85C09B726A7DD4300C1C073 /* SearchQueryProtocol.swift */,
				E85C09B926A7DD6D00C1C073 /* SearchQuery.swift */,
			);
			path = Queries;
			sourceTree = "<group>";
		};
		E85C09BB26A7DE6200C1C073 /* Domain */ = {
			isa = PBXGroup;
			children = (
				E85C09BC26A7DEB100C1C073 /* PhotoModel.swift */,
			);
			path = Domain;
			sourceTree = "<group>";
		};
		E85C09BE26A7E48400C1C073 /* ImageLoader */ = {
			isa = PBXGroup;
			children = (
				E85C09C026A7E49600C1C073 /* Cache */,
				E85C09BF26A7E49000C1C073 /* Loader */,
			);
			path = ImageLoader;
			sourceTree = "<group>";
		};
		E85C09BF26A7E49000C1C073 /* Loader */ = {
			isa = PBXGroup;
			children = (
				E85C09C126A7E4B300C1C073 /* ImageLoaderProtocol.swift */,
				E85C09C526A7E4FC00C1C073 /* ImageLoader.swift */,
			);
			path = Loader;
			sourceTree = "<group>";
		};
		E85C09C026A7E49600C1C073 /* Cache */ = {
			isa = PBXGroup;
			children = (
				E85C09C326A7E4E000C1C073 /* ImageCacheProtocol.swift */,
				E85C09C726A7E57500C1C073 /* ImageCache.swift */,
			);
			path = Cache;
			sourceTree = "<group>";
		};
		E85C09C926A824DD00C1C073 /* DetailsScreenView */ = {
			isa = PBXGroup;
			children = (
				E85C09CA26A827ED00C1C073 /* DetailsScreenView.swift */,
				E85C09CC26A8280300C1C073 /* DetailsScreenProtocol.swift */,
				E85C09D026A82BBD00C1C073 /* DetailsScreenViewModel.swift */,
			);
			path = DetailsScreenView;
			sourceTree = "<group>";
		};
		E85C09D426A8374800C1C073 /* Router */ = {
			isa = PBXGroup;
			children = (
				E85C09D526A8376300C1C073 /* MainScreenRouterProtocol.swift */,
				E85C09D726A8379900C1C073 /* MainScreenRouter.swift */,
			);
			path = Router;
			sourceTree = "<group>";
		};
		E8909E4226A7CD12003D2E8A = {
			isa = PBXGroup;
			children = (
				E8909E4D26A7CD12003D2E8A /* ElectroluxCodingExercise */,
				E8909E6426A7CD16003D2E8A /* ElectroluxCodingExerciseTests */,
				E8909E6F26A7CD16003D2E8A /* ElectroluxCodingExerciseUITests */,
				E8909E4C26A7CD12003D2E8A /* Products */,
				7ACB33E956238338C61132E8 /* Pods */,
				A0FA274DD50EB5E3176ED7DF /* Frameworks */,
			);
			sourceTree = "<group>";
		};
		E8909E4C26A7CD12003D2E8A /* Products */ = {
			isa = PBXGroup;
			children = (
				E8909E4B26A7CD12003D2E8A /* ElectroluxCodingExercise.app */,
				E8909E6126A7CD16003D2E8A /* ElectroluxCodingExerciseTests.xctest */,
				E8909E6C26A7CD16003D2E8A /* ElectroluxCodingExerciseUITests.xctest */,
			);
			name = Products;
			sourceTree = "<group>";
		};
		E8909E4D26A7CD12003D2E8A /* ElectroluxCodingExercise */ = {
			isa = PBXGroup;
			children = (
				E85C09D426A8374800C1C073 /* Router */,
				E85C09BE26A7E48400C1C073 /* ImageLoader */,
				E85C09BB26A7DE6200C1C073 /* Domain */,
				E85C09AF26A7DC7300C1C073 /* Data */,
				E85C09A826A7D85500C1C073 /* Configuration */,
				E8909E7F26A7CEB9003D2E8A /* Presenters */,
				E8909E7E26A7CEB1003D2E8A /* Views */,
				E8909E4E26A7CD12003D2E8A /* AppDelegate.swift */,
				E8909E5026A7CD12003D2E8A /* SceneDelegate.swift */,
				E8909E5426A7CD12003D2E8A /* Main.storyboard */,
				E8909E5726A7CD16003D2E8A /* Assets.xcassets */,
				E8909E5926A7CD16003D2E8A /* LaunchScreen.storyboard */,
				E8909E5C26A7CD16003D2E8A /* Info.plist */,
			);
			path = ElectroluxCodingExercise;
			sourceTree = "<group>";
		};
		E8909E6426A7CD16003D2E8A /* ElectroluxCodingExerciseTests */ = {
			isa = PBXGroup;
			children = (
				E8909E6526A7CD16003D2E8A /* ElectroluxCodingExerciseTests.swift */,
				E8909E6726A7CD16003D2E8A /* Info.plist */,
			);
			path = ElectroluxCodingExerciseTests;
			sourceTree = "<group>";
		};
		E8909E6F26A7CD16003D2E8A /* ElectroluxCodingExerciseUITests */ = {
			isa = PBXGroup;
			children = (
				E8909E7026A7CD16003D2E8A /* ElectroluxCodingExerciseUITests.swift */,
				E8909E7226A7CD16003D2E8A /* Info.plist */,
			);
			path = ElectroluxCodingExerciseUITests;
			sourceTree = "<group>";
		};
		E8909E7E26A7CEB1003D2E8A /* Views */ = {
			isa = PBXGroup;
			children = (
				E85C09C926A824DD00C1C073 /* DetailsScreenView */,
				E8909E8026A7CF8C003D2E8A /* MainScreenView */,
			);
			path = Views;
			sourceTree = "<group>";
		};
		E8909E7F26A7CEB9003D2E8A /* Presenters */ = {
			isa = PBXGroup;
			children = (
				E85C09AB26A7D8B200C1C073 /* MainScreenPresenter.swift */,
				E85C09CE26A82B2D00C1C073 /* DetailsScreenPresenter.swift */,
			);
			path = Presenters;
			sourceTree = "<group>";
		};
		E8909E8026A7CF8C003D2E8A /* MainScreenView */ = {
			isa = PBXGroup;
			children = (
				E85C09A326A7D30900C1C073 /* Layout */,
				E85C09A026A7D13F00C1C073 /* Cells */,
				E8909E8126A7CFC4003D2E8A /* MainScreenProtocol.swift */,
				E8909E8326A7D004003D2E8A /* MainScreenView.swift */,
			);
			path = MainScreenView;
			sourceTree = "<group>";
		};
/* End PBXGroup section */

/* Begin PBXNativeTarget section */
		E8909E4A26A7CD12003D2E8A /* ElectroluxCodingExercise */ = {
			isa = PBXNativeTarget;
			buildConfigurationList = E8909E7526A7CD16003D2E8A /* Build configuration list for PBXNativeTarget "ElectroluxCodingExercise" */;
			buildPhases = (
				C7886DB71E6559C8DB3AD26F /* [CP] Check Pods Manifest.lock */,
				E8909E4726A7CD12003D2E8A /* Sources */,
				E8909E4826A7CD12003D2E8A /* Frameworks */,
				E8909E4926A7CD12003D2E8A /* Resources */,
				3CE67BBB6381356B95662721 /* [CP] Embed Pods Frameworks */,
			);
			buildRules = (
			);
			dependencies = (
			);
			name = ElectroluxCodingExercise;
			productName = ElectroluxCodingExercise;
			productReference = E8909E4B26A7CD12003D2E8A /* ElectroluxCodingExercise.app */;
			productType = "com.apple.product-type.application";
		};
		E8909E6026A7CD16003D2E8A /* ElectroluxCodingExerciseTests */ = {
			isa = PBXNativeTarget;
			buildConfigurationList = E8909E7826A7CD16003D2E8A /* Build configuration list for PBXNativeTarget "ElectroluxCodingExerciseTests" */;
			buildPhases = (
				739B854D5D95FEEB3D0046BD /* [CP] Check Pods Manifest.lock */,
				E8909E5D26A7CD16003D2E8A /* Sources */,
				E8909E5E26A7CD16003D2E8A /* Frameworks */,
				E8909E5F26A7CD16003D2E8A /* Resources */,
			);
			buildRules = (
			);
			dependencies = (
				E8909E6326A7CD16003D2E8A /* PBXTargetDependency */,
			);
			name = ElectroluxCodingExerciseTests;
			productName = ElectroluxCodingExerciseTests;
			productReference = E8909E6126A7CD16003D2E8A /* ElectroluxCodingExerciseTests.xctest */;
			productType = "com.apple.product-type.bundle.unit-test";
		};
		E8909E6B26A7CD16003D2E8A /* ElectroluxCodingExerciseUITests */ = {
			isa = PBXNativeTarget;
			buildConfigurationList = E8909E7B26A7CD16003D2E8A /* Build configuration list for PBXNativeTarget "ElectroluxCodingExerciseUITests" */;
			buildPhases = (
				885901B3B5E68806EC65F018 /* [CP] Check Pods Manifest.lock */,
				E8909E6826A7CD16003D2E8A /* Sources */,
				E8909E6926A7CD16003D2E8A /* Frameworks */,
				E8909E6A26A7CD16003D2E8A /* Resources */,
				7DDCB0A0BBAFFE65D81EDE70 /* [CP] Embed Pods Frameworks */,
			);
			buildRules = (
			);
			dependencies = (
				E8909E6E26A7CD16003D2E8A /* PBXTargetDependency */,
			);
			name = ElectroluxCodingExerciseUITests;
			productName = ElectroluxCodingExerciseUITests;
			productReference = E8909E6C26A7CD16003D2E8A /* ElectroluxCodingExerciseUITests.xctest */;
			productType = "com.apple.product-type.bundle.ui-testing";
		};
/* End PBXNativeTarget section */

/* Begin PBXProject section */
		E8909E4326A7CD12003D2E8A /* Project object */ = {
			isa = PBXProject;
			attributes = {
				LastSwiftUpdateCheck = 1250;
				LastUpgradeCheck = 1250;
				TargetAttributes = {
					E8909E4A26A7CD12003D2E8A = {
						CreatedOnToolsVersion = 12.5.1;
					};
					E8909E6026A7CD16003D2E8A = {
						CreatedOnToolsVersion = 12.5.1;
						TestTargetID = E8909E4A26A7CD12003D2E8A;
					};
					E8909E6B26A7CD16003D2E8A = {
						CreatedOnToolsVersion = 12.5.1;
						TestTargetID = E8909E4A26A7CD12003D2E8A;
					};
				};
			};
			buildConfigurationList = E8909E4626A7CD12003D2E8A /* Build configuration list for PBXProject "ElectroluxCodingExercise" */;
			compatibilityVersion = "Xcode 9.3";
			developmentRegion = en;
			hasScannedForEncodings = 0;
			knownRegions = (
				en,
				Base,
			);
			mainGroup = E8909E4226A7CD12003D2E8A;
			productRefGroup = E8909E4C26A7CD12003D2E8A /* Products */;
			projectDirPath = "";
			projectRoot = "";
			targets = (
				E8909E4A26A7CD12003D2E8A /* ElectroluxCodingExercise */,
				E8909E6026A7CD16003D2E8A /* ElectroluxCodingExerciseTests */,
				E8909E6B26A7CD16003D2E8A /* ElectroluxCodingExerciseUITests */,
			);
		};
/* End PBXProject section */

/* Begin PBXResourcesBuildPhase section */
		E8909E4926A7CD12003D2E8A /* Resources */ = {
			isa = PBXResourcesBuildPhase;
			buildActionMask = 2147483647;
			files = (
				E8909E5B26A7CD16003D2E8A /* LaunchScreen.storyboard in Resources */,
				E8909E5826A7CD16003D2E8A /* Assets.xcassets in Resources */,
				E8909E5626A7CD12003D2E8A /* Main.storyboard in Resources */,
			);
			runOnlyForDeploymentPostprocessing = 0;
		};
		E8909E5F26A7CD16003D2E8A /* Resources */ = {
			isa = PBXResourcesBuildPhase;
			buildActionMask = 2147483647;
			files = (
			);
			runOnlyForDeploymentPostprocessing = 0;
		};
		E8909E6A26A7CD16003D2E8A /* Resources */ = {
			isa = PBXResourcesBuildPhase;
			buildActionMask = 2147483647;
			files = (
			);
			runOnlyForDeploymentPostprocessing = 0;
		};
/* End PBXResourcesBuildPhase section */

/* Begin PBXShellScriptBuildPhase section */
		3CE67BBB6381356B95662721 /* [CP] Embed Pods Frameworks */ = {
			isa = PBXShellScriptBuildPhase;
			buildActionMask = 2147483647;
			files = (
			);
			inputFileListPaths = (
				"${PODS_ROOT}/Target Support Files/Pods-ElectroluxCodingExercise/Pods-ElectroluxCodingExercise-frameworks-${CONFIGURATION}-input-files.xcfilelist",
			);
			name = "[CP] Embed Pods Frameworks";
			outputFileListPaths = (
				"${PODS_ROOT}/Target Support Files/Pods-ElectroluxCodingExercise/Pods-ElectroluxCodingExercise-frameworks-${CONFIGURATION}-output-files.xcfilelist",
			);
			runOnlyForDeploymentPostprocessing = 0;
			shellPath = /bin/sh;
			shellScript = "\"${PODS_ROOT}/Target Support Files/Pods-ElectroluxCodingExercise/Pods-ElectroluxCodingExercise-frameworks.sh\"\n";
			showEnvVarsInLog = 0;
		};
		739B854D5D95FEEB3D0046BD /* [CP] Check Pods Manifest.lock */ = {
			isa = PBXShellScriptBuildPhase;
			buildActionMask = 2147483647;
			files = (
			);
			inputFileListPaths = (
			);
			inputPaths = (
				"${PODS_PODFILE_DIR_PATH}/Podfile.lock",
				"${PODS_ROOT}/Manifest.lock",
			);
			name = "[CP] Check Pods Manifest.lock";
			outputFileListPaths = (
			);
			outputPaths = (
				"$(DERIVED_FILE_DIR)/Pods-ElectroluxCodingExerciseTests-checkManifestLockResult.txt",
			);
			runOnlyForDeploymentPostprocessing = 0;
			shellPath = /bin/sh;
			shellScript = "diff \"${PODS_PODFILE_DIR_PATH}/Podfile.lock\" \"${PODS_ROOT}/Manifest.lock\" > /dev/null\nif [ $? != 0 ] ; then\n    # print error to STDERR\n    echo \"error: The sandbox is not in sync with the Podfile.lock. Run 'pod install' or update your CocoaPods installation.\" >&2\n    exit 1\nfi\n# This output is used by Xcode 'outputs' to avoid re-running this script phase.\necho \"SUCCESS\" > \"${SCRIPT_OUTPUT_FILE_0}\"\n";
			showEnvVarsInLog = 0;
		};
		7DDCB0A0BBAFFE65D81EDE70 /* [CP] Embed Pods Frameworks */ = {
			isa = PBXShellScriptBuildPhase;
			buildActionMask = 2147483647;
			files = (
			);
			inputFileListPaths = (
				"${PODS_ROOT}/Target Support Files/Pods-ElectroluxCodingExercise-ElectroluxCodingExerciseUITests/Pods-ElectroluxCodingExercise-ElectroluxCodingExerciseUITests-frameworks-${CONFIGURATION}-input-files.xcfilelist",
			);
			name = "[CP] Embed Pods Frameworks";
			outputFileListPaths = (
				"${PODS_ROOT}/Target Support Files/Pods-ElectroluxCodingExercise-ElectroluxCodingExerciseUITests/Pods-ElectroluxCodingExercise-ElectroluxCodingExerciseUITests-frameworks-${CONFIGURATION}-output-files.xcfilelist",
			);
			runOnlyForDeploymentPostprocessing = 0;
			shellPath = /bin/sh;
			shellScript = "\"${PODS_ROOT}/Target Support Files/Pods-ElectroluxCodingExercise-ElectroluxCodingExerciseUITests/Pods-ElectroluxCodingExercise-ElectroluxCodingExerciseUITests-frameworks.sh\"\n";
			showEnvVarsInLog = 0;
		};
		885901B3B5E68806EC65F018 /* [CP] Check Pods Manifest.lock */ = {
			isa = PBXShellScriptBuildPhase;
			buildActionMask = 2147483647;
			files = (
			);
			inputFileListPaths = (
			);
			inputPaths = (
				"${PODS_PODFILE_DIR_PATH}/Podfile.lock",
				"${PODS_ROOT}/Manifest.lock",
			);
			name = "[CP] Check Pods Manifest.lock";
			outputFileListPaths = (
			);
			outputPaths = (
				"$(DERIVED_FILE_DIR)/Pods-ElectroluxCodingExercise-ElectroluxCodingExerciseUITests-checkManifestLockResult.txt",
			);
			runOnlyForDeploymentPostprocessing = 0;
			shellPath = /bin/sh;
			shellScript = "diff \"${PODS_PODFILE_DIR_PATH}/Podfile.lock\" \"${PODS_ROOT}/Manifest.lock\" > /dev/null\nif [ $? != 0 ] ; then\n    # print error to STDERR\n    echo \"error: The sandbox is not in sync with the Podfile.lock. Run 'pod install' or update your CocoaPods installation.\" >&2\n    exit 1\nfi\n# This output is used by Xcode 'outputs' to avoid re-running this script phase.\necho \"SUCCESS\" > \"${SCRIPT_OUTPUT_FILE_0}\"\n";
			showEnvVarsInLog = 0;
		};
		C7886DB71E6559C8DB3AD26F /* [CP] Check Pods Manifest.lock */ = {
			isa = PBXShellScriptBuildPhase;
			buildActionMask = 2147483647;
			files = (
			);
			inputFileListPaths = (
			);
			inputPaths = (
				"${PODS_PODFILE_DIR_PATH}/Podfile.lock",
				"${PODS_ROOT}/Manifest.lock",
			);
			name = "[CP] Check Pods Manifest.lock";
			outputFileListPaths = (
			);
			outputPaths = (
				"$(DERIVED_FILE_DIR)/Pods-ElectroluxCodingExercise-checkManifestLockResult.txt",
			);
			runOnlyForDeploymentPostprocessing = 0;
			shellPath = /bin/sh;
			shellScript = "diff \"${PODS_PODFILE_DIR_PATH}/Podfile.lock\" \"${PODS_ROOT}/Manifest.lock\" > /dev/null\nif [ $? != 0 ] ; then\n    # print error to STDERR\n    echo \"error: The sandbox is not in sync with the Podfile.lock. Run 'pod install' or update your CocoaPods installation.\" >&2\n    exit 1\nfi\n# This output is used by Xcode 'outputs' to avoid re-running this script phase.\necho \"SUCCESS\" > \"${SCRIPT_OUTPUT_FILE_0}\"\n";
			showEnvVarsInLog = 0;
		};
/* End PBXShellScriptBuildPhase section */

/* Begin PBXSourcesBuildPhase section */
		E8909E4726A7CD12003D2E8A /* Sources */ = {
			isa = PBXSourcesBuildPhase;
			buildActionMask = 2147483647;
			files = (
				E85C09C226A7E4B300C1C073 /* ImageLoaderProtocol.swift in Sources */,
				E85C09D626A8376300C1C073 /* MainScreenRouterProtocol.swift in Sources */,
				E85C09AA26A7D88000C1C073 /* ConfigurationProtocol.swift in Sources */,
				E85C09D326A82D9000C1C073 /* DetailsScreenConfiguration.swift in Sources */,
				E8909E8226A7CFC4003D2E8A /* MainScreenProtocol.swift in Sources */,
				E85C09AC26A7D8B200C1C073 /* MainScreenPresenter.swift in Sources */,
				E85C09BD26A7DEB100C1C073 /* PhotoModel.swift in Sources */,
				E85C09CF26A82B2D00C1C073 /* DetailsScreenPresenter.swift in Sources */,
				E8909E4F26A7CD12003D2E8A /* AppDelegate.swift in Sources */,
				E85C09A526A7D32300C1C073 /* TwoColumnLayout.swift in Sources */,
				E85C09CB26A827ED00C1C073 /* DetailsScreenView.swift in Sources */,
				E85C09A226A7D15100C1C073 /* PhotoCellViewModel.swift in Sources */,
				E85C09B426A7DCD100C1C073 /* PhotoDTO.swift in Sources */,
				E85C09C826A7E57500C1C073 /* ImageCache.swift in Sources */,
				E85C09C426A7E4E000C1C073 /* ImageCacheProtocol.swift in Sources */,
				E8909E5126A7CD12003D2E8A /* SceneDelegate.swift in Sources */,
				E85C09AE26A7D9A700C1C073 /* MainScreenConfiguration.swift in Sources */,
				E8909E8426A7D004003D2E8A /* MainScreenView.swift in Sources */,
				E85C09B826A7DD4300C1C073 /* SearchQueryProtocol.swift in Sources */,
				E85C09C626A7E4FC00C1C073 /* ImageLoader.swift in Sources */,
				E85C09A726A7D4B200C1C073 /* PhotoCollectionCell.swift in Sources */,
				E85C09BA26A7DD6D00C1C073 /* SearchQuery.swift in Sources */,
				E85C09B226A7DC9F00C1C073 /* ResponseDTO.swift in Sources */,
				E85C09D126A82BBD00C1C073 /* DetailsScreenViewModel.swift in Sources */,
				E85C09CD26A8280300C1C073 /* DetailsScreenProtocol.swift in Sources */,
				E85C09D826A8379900C1C073 /* MainScreenRouter.swift in Sources */,
			);
			runOnlyForDeploymentPostprocessing = 0;
		};
		E8909E5D26A7CD16003D2E8A /* Sources */ = {
			isa = PBXSourcesBuildPhase;
			buildActionMask = 2147483647;
			files = (
				E8909E6626A7CD16003D2E8A /* ElectroluxCodingExerciseTests.swift in Sources */,
			);
			runOnlyForDeploymentPostprocessing = 0;
		};
		E8909E6826A7CD16003D2E8A /* Sources */ = {
			isa = PBXSourcesBuildPhase;
			buildActionMask = 2147483647;
			files = (
				E8909E7126A7CD16003D2E8A /* ElectroluxCodingExerciseUITests.swift in Sources */,
			);
			runOnlyForDeploymentPostprocessing = 0;
		};
/* End PBXSourcesBuildPhase section */

/* Begin PBXTargetDependency section */
		E8909E6326A7CD16003D2E8A /* PBXTargetDependency */ = {
			isa = PBXTargetDependency;
			target = E8909E4A26A7CD12003D2E8A /* ElectroluxCodingExercise */;
			targetProxy = E8909E6226A7CD16003D2E8A /* PBXContainerItemProxy */;
		};
		E8909E6E26A7CD16003D2E8A /* PBXTargetDependency */ = {
			isa = PBXTargetDependency;
			target = E8909E4A26A7CD12003D2E8A /* ElectroluxCodingExercise */;
			targetProxy = E8909E6D26A7CD16003D2E8A /* PBXContainerItemProxy */;
		};
/* End PBXTargetDependency section */

/* Begin PBXVariantGroup section */
		E8909E5426A7CD12003D2E8A /* Main.storyboard */ = {
			isa = PBXVariantGroup;
			children = (
				E8909E5526A7CD12003D2E8A /* Base */,
			);
			name = Main.storyboard;
			sourceTree = "<group>";
		};
		E8909E5926A7CD16003D2E8A /* LaunchScreen.storyboard */ = {
			isa = PBXVariantGroup;
			children = (
				E8909E5A26A7CD16003D2E8A /* Base */,
			);
			name = LaunchScreen.storyboard;
			sourceTree = "<group>";
		};
/* End PBXVariantGroup section */

/* Begin XCBuildConfiguration section */
		E8909E7326A7CD16003D2E8A /* Debug */ = {
			isa = XCBuildConfiguration;
			buildSettings = {
				ALWAYS_SEARCH_USER_PATHS = NO;
				CLANG_ANALYZER_NONNULL = YES;
				CLANG_ANALYZER_NUMBER_OBJECT_CONVERSION = YES_AGGRESSIVE;
				CLANG_CXX_LANGUAGE_STANDARD = "gnu++14";
				CLANG_CXX_LIBRARY = "libc++";
				CLANG_ENABLE_MODULES = YES;
				CLANG_ENABLE_OBJC_ARC = YES;
				CLANG_ENABLE_OBJC_WEAK = YES;
				CLANG_WARN_BLOCK_CAPTURE_AUTORELEASING = YES;
				CLANG_WARN_BOOL_CONVERSION = YES;
				CLANG_WARN_COMMA = YES;
				CLANG_WARN_CONSTANT_CONVERSION = YES;
				CLANG_WARN_DEPRECATED_OBJC_IMPLEMENTATIONS = YES;
				CLANG_WARN_DIRECT_OBJC_ISA_USAGE = YES_ERROR;
				CLANG_WARN_DOCUMENTATION_COMMENTS = YES;
				CLANG_WARN_EMPTY_BODY = YES;
				CLANG_WARN_ENUM_CONVERSION = YES;
				CLANG_WARN_INFINITE_RECURSION = YES;
				CLANG_WARN_INT_CONVERSION = YES;
				CLANG_WARN_NON_LITERAL_NULL_CONVERSION = YES;
				CLANG_WARN_OBJC_IMPLICIT_RETAIN_SELF = YES;
				CLANG_WARN_OBJC_LITERAL_CONVERSION = YES;
				CLANG_WARN_OBJC_ROOT_CLASS = YES_ERROR;
				CLANG_WARN_QUOTED_INCLUDE_IN_FRAMEWORK_HEADER = YES;
				CLANG_WARN_RANGE_LOOP_ANALYSIS = YES;
				CLANG_WARN_STRICT_PROTOTYPES = YES;
				CLANG_WARN_SUSPICIOUS_MOVE = YES;
				CLANG_WARN_UNGUARDED_AVAILABILITY = YES_AGGRESSIVE;
				CLANG_WARN_UNREACHABLE_CODE = YES;
				CLANG_WARN__DUPLICATE_METHOD_MATCH = YES;
				COPY_PHASE_STRIP = NO;
				DEBUG_INFORMATION_FORMAT = dwarf;
				ENABLE_STRICT_OBJC_MSGSEND = YES;
				ENABLE_TESTABILITY = YES;
				GCC_C_LANGUAGE_STANDARD = gnu11;
				GCC_DYNAMIC_NO_PIC = NO;
				GCC_NO_COMMON_BLOCKS = YES;
				GCC_OPTIMIZATION_LEVEL = 0;
				GCC_PREPROCESSOR_DEFINITIONS = (
					"DEBUG=1",
					"$(inherited)",
				);
				GCC_WARN_64_TO_32_BIT_CONVERSION = YES;
				GCC_WARN_ABOUT_RETURN_TYPE = YES_ERROR;
				GCC_WARN_UNDECLARED_SELECTOR = YES;
				GCC_WARN_UNINITIALIZED_AUTOS = YES_AGGRESSIVE;
				GCC_WARN_UNUSED_FUNCTION = YES;
				GCC_WARN_UNUSED_VARIABLE = YES;
				IPHONEOS_DEPLOYMENT_TARGET = 14.5;
				MTL_ENABLE_DEBUG_INFO = INCLUDE_SOURCE;
				MTL_FAST_MATH = YES;
				ONLY_ACTIVE_ARCH = YES;
				SDKROOT = iphoneos;
				SWIFT_ACTIVE_COMPILATION_CONDITIONS = DEBUG;
				SWIFT_OPTIMIZATION_LEVEL = "-Onone";
			};
			name = Debug;
		};
		E8909E7426A7CD16003D2E8A /* Release */ = {
			isa = XCBuildConfiguration;
			buildSettings = {
				ALWAYS_SEARCH_USER_PATHS = NO;
				CLANG_ANALYZER_NONNULL = YES;
				CLANG_ANALYZER_NUMBER_OBJECT_CONVERSION = YES_AGGRESSIVE;
				CLANG_CXX_LANGUAGE_STANDARD = "gnu++14";
				CLANG_CXX_LIBRARY = "libc++";
				CLANG_ENABLE_MODULES = YES;
				CLANG_ENABLE_OBJC_ARC = YES;
				CLANG_ENABLE_OBJC_WEAK = YES;
				CLANG_WARN_BLOCK_CAPTURE_AUTORELEASING = YES;
				CLANG_WARN_BOOL_CONVERSION = YES;
				CLANG_WARN_COMMA = YES;
				CLANG_WARN_CONSTANT_CONVERSION = YES;
				CLANG_WARN_DEPRECATED_OBJC_IMPLEMENTATIONS = YES;
				CLANG_WARN_DIRECT_OBJC_ISA_USAGE = YES_ERROR;
				CLANG_WARN_DOCUMENTATION_COMMENTS = YES;
				CLANG_WARN_EMPTY_BODY = YES;
				CLANG_WARN_ENUM_CONVERSION = YES;
				CLANG_WARN_INFINITE_RECURSION = YES;
				CLANG_WARN_INT_CONVERSION = YES;
				CLANG_WARN_NON_LITERAL_NULL_CONVERSION = YES;
				CLANG_WARN_OBJC_IMPLICIT_RETAIN_SELF = YES;
				CLANG_WARN_OBJC_LITERAL_CONVERSION = YES;
				CLANG_WARN_OBJC_ROOT_CLASS = YES_ERROR;
				CLANG_WARN_QUOTED_INCLUDE_IN_FRAMEWORK_HEADER = YES;
				CLANG_WARN_RANGE_LOOP_ANALYSIS = YES;
				CLANG_WARN_STRICT_PROTOTYPES = YES;
				CLANG_WARN_SUSPICIOUS_MOVE = YES;
				CLANG_WARN_UNGUARDED_AVAILABILITY = YES_AGGRESSIVE;
				CLANG_WARN_UNREACHABLE_CODE = YES;
				CLANG_WARN__DUPLICATE_METHOD_MATCH = YES;
				COPY_PHASE_STRIP = NO;
				DEBUG_INFORMATION_FORMAT = "dwarf-with-dsym";
				ENABLE_NS_ASSERTIONS = NO;
				ENABLE_STRICT_OBJC_MSGSEND = YES;
				GCC_C_LANGUAGE_STANDARD = gnu11;
				GCC_NO_COMMON_BLOCKS = YES;
				GCC_WARN_64_TO_32_BIT_CONVERSION = YES;
				GCC_WARN_ABOUT_RETURN_TYPE = YES_ERROR;
				GCC_WARN_UNDECLARED_SELECTOR = YES;
				GCC_WARN_UNINITIALIZED_AUTOS = YES_AGGRESSIVE;
				GCC_WARN_UNUSED_FUNCTION = YES;
				GCC_WARN_UNUSED_VARIABLE = YES;
				IPHONEOS_DEPLOYMENT_TARGET = 14.5;
				MTL_ENABLE_DEBUG_INFO = NO;
				MTL_FAST_MATH = YES;
				SDKROOT = iphoneos;
				SWIFT_COMPILATION_MODE = wholemodule;
				SWIFT_OPTIMIZATION_LEVEL = "-O";
				VALIDATE_PRODUCT = YES;
			};
			name = Release;
		};
		E8909E7626A7CD16003D2E8A /* Debug */ = {
			isa = XCBuildConfiguration;
			baseConfigurationReference = 0782F87EBB43C9CED113DA2A /* Pods-ElectroluxCodingExercise.debug.xcconfig */;
			buildSettings = {
				ASSETCATALOG_COMPILER_APPICON_NAME = AppIcon;
				ASSETCATALOG_COMPILER_GLOBAL_ACCENT_COLOR_NAME = AccentColor;
				CODE_SIGN_STYLE = Automatic;
				DEVELOPMENT_TEAM = 34J496ZZHF;
				INFOPLIST_FILE = ElectroluxCodingExercise/Info.plist;
				LD_RUNPATH_SEARCH_PATHS = (
					"$(inherited)",
					"@executable_path/Frameworks",
				);
				PRODUCT_BUNDLE_IDENTIFIER = "self.electrolux-coding-app.ElectroluxCodingExercise";
				PRODUCT_NAME = "$(TARGET_NAME)";
				SWIFT_VERSION = 5.0;
				TARGETED_DEVICE_FAMILY = 1;
			};
			name = Debug;
		};
		E8909E7726A7CD16003D2E8A /* Release */ = {
			isa = XCBuildConfiguration;
			baseConfigurationReference = 8154D9561F2E95B7B936F7E5 /* Pods-ElectroluxCodingExercise.release.xcconfig */;
			buildSettings = {
				ASSETCATALOG_COMPILER_APPICON_NAME = AppIcon;
				ASSETCATALOG_COMPILER_GLOBAL_ACCENT_COLOR_NAME = AccentColor;
				CODE_SIGN_STYLE = Automatic;
				DEVELOPMENT_TEAM = 34J496ZZHF;
				INFOPLIST_FILE = ElectroluxCodingExercise/Info.plist;
				LD_RUNPATH_SEARCH_PATHS = (
					"$(inherited)",
					"@executable_path/Frameworks",
				);
				PRODUCT_BUNDLE_IDENTIFIER = "self.electrolux-coding-app.ElectroluxCodingExercise";
				PRODUCT_NAME = "$(TARGET_NAME)";
				SWIFT_VERSION = 5.0;
				TARGETED_DEVICE_FAMILY = 1;
			};
			name = Release;
		};
		E8909E7926A7CD16003D2E8A /* Debug */ = {
			isa = XCBuildConfiguration;
			baseConfigurationReference = 6120D7299715C733690BFC5A /* Pods-ElectroluxCodingExerciseTests.debug.xcconfig */;
			buildSettings = {
				ALWAYS_EMBED_SWIFT_STANDARD_LIBRARIES = YES;
				BUNDLE_LOADER = "$(TEST_HOST)";
				CODE_SIGN_STYLE = Automatic;
				DEVELOPMENT_TEAM = 34J496ZZHF;
				INFOPLIST_FILE = ElectroluxCodingExerciseTests/Info.plist;
				IPHONEOS_DEPLOYMENT_TARGET = 14.5;
				LD_RUNPATH_SEARCH_PATHS = (
					"$(inherited)",
					"@executable_path/Frameworks",
					"@loader_path/Frameworks",
				);
				PRODUCT_BUNDLE_IDENTIFIER = "self.electrolux-coding-app.ElectroluxCodingExerciseTests";
				PRODUCT_NAME = "$(TARGET_NAME)";
				SWIFT_VERSION = 5.0;
				TARGETED_DEVICE_FAMILY = "1,2";
				TEST_HOST = "$(BUILT_PRODUCTS_DIR)/ElectroluxCodingExercise.app/ElectroluxCodingExercise";
			};
			name = Debug;
		};
		E8909E7A26A7CD16003D2E8A /* Release */ = {
			isa = XCBuildConfiguration;
			baseConfigurationReference = 7F819B1BFB50E374F20589E1 /* Pods-ElectroluxCodingExerciseTests.release.xcconfig */;
			buildSettings = {
				ALWAYS_EMBED_SWIFT_STANDARD_LIBRARIES = YES;
				BUNDLE_LOADER = "$(TEST_HOST)";
				CODE_SIGN_STYLE = Automatic;
				DEVELOPMENT_TEAM = 34J496ZZHF;
				INFOPLIST_FILE = ElectroluxCodingExerciseTests/Info.plist;
				IPHONEOS_DEPLOYMENT_TARGET = 14.5;
				LD_RUNPATH_SEARCH_PATHS = (
					"$(inherited)",
					"@executable_path/Frameworks",
					"@loader_path/Frameworks",
				);
				PRODUCT_BUNDLE_IDENTIFIER = "self.electrolux-coding-app.ElectroluxCodingExerciseTests";
				PRODUCT_NAME = "$(TARGET_NAME)";
				SWIFT_VERSION = 5.0;
				TARGETED_DEVICE_FAMILY = "1,2";
				TEST_HOST = "$(BUILT_PRODUCTS_DIR)/ElectroluxCodingExercise.app/ElectroluxCodingExercise";
			};
			name = Release;
		};
		E8909E7C26A7CD16003D2E8A /* Debug */ = {
			isa = XCBuildConfiguration;
			baseConfigurationReference = 8EAC8B76EC6E3AE056A6328A /* Pods-ElectroluxCodingExercise-ElectroluxCodingExerciseUITests.debug.xcconfig */;
			buildSettings = {
				ALWAYS_EMBED_SWIFT_STANDARD_LIBRARIES = YES;
				CODE_SIGN_STYLE = Automatic;
				DEVELOPMENT_TEAM = 34J496ZZHF;
				INFOPLIST_FILE = ElectroluxCodingExerciseUITests/Info.plist;
				LD_RUNPATH_SEARCH_PATHS = (
					"$(inherited)",
					"@executable_path/Frameworks",
					"@loader_path/Frameworks",
				);
				PRODUCT_BUNDLE_IDENTIFIER = "self.electrolux-coding-app.ElectroluxCodingExerciseUITests";
				PRODUCT_NAME = "$(TARGET_NAME)";
				SWIFT_VERSION = 5.0;
				TARGETED_DEVICE_FAMILY = "1,2";
				TEST_TARGET_NAME = ElectroluxCodingExercise;
			};
			name = Debug;
		};
		E8909E7D26A7CD16003D2E8A /* Release */ = {
			isa = XCBuildConfiguration;
			baseConfigurationReference = CFDC9642DCDE287CE009A486 /* Pods-ElectroluxCodingExercise-ElectroluxCodingExerciseUITests.release.xcconfig */;
			buildSettings = {
				ALWAYS_EMBED_SWIFT_STANDARD_LIBRARIES = YES;
				CODE_SIGN_STYLE = Automatic;
				DEVELOPMENT_TEAM = 34J496ZZHF;
				INFOPLIST_FILE = ElectroluxCodingExerciseUITests/Info.plist;
				LD_RUNPATH_SEARCH_PATHS = (
					"$(inherited)",
					"@executable_path/Frameworks",
					"@loader_path/Frameworks",
				);
				PRODUCT_BUNDLE_IDENTIFIER = "self.electrolux-coding-app.ElectroluxCodingExerciseUITests";
				PRODUCT_NAME = "$(TARGET_NAME)";
				SWIFT_VERSION = 5.0;
				TARGETED_DEVICE_FAMILY = "1,2";
				TEST_TARGET_NAME = ElectroluxCodingExercise;
			};
			name = Release;
		};
/* End XCBuildConfiguration section */

/* Begin XCConfigurationList section */
		E8909E4626A7CD12003D2E8A /* Build configuration list for PBXProject "ElectroluxCodingExercise" */ = {
			isa = XCConfigurationList;
			buildConfigurations = (
				E8909E7326A7CD16003D2E8A /* Debug */,
				E8909E7426A7CD16003D2E8A /* Release */,
			);
			defaultConfigurationIsVisible = 0;
			defaultConfigurationName = Release;
		};
		E8909E7526A7CD16003D2E8A /* Build configuration list for PBXNativeTarget "ElectroluxCodingExercise" */ = {
			isa = XCConfigurationList;
			buildConfigurations = (
				E8909E7626A7CD16003D2E8A /* Debug */,
				E8909E7726A7CD16003D2E8A /* Release */,
			);
			defaultConfigurationIsVisible = 0;
			defaultConfigurationName = Release;
		};
		E8909E7826A7CD16003D2E8A /* Build configuration list for PBXNativeTarget "ElectroluxCodingExerciseTests" */ = {
			isa = XCConfigurationList;
			buildConfigurations = (
				E8909E7926A7CD16003D2E8A /* Debug */,
				E8909E7A26A7CD16003D2E8A /* Release */,
			);
			defaultConfigurationIsVisible = 0;
			defaultConfigurationName = Release;
		};
		E8909E7B26A7CD16003D2E8A /* Build configuration list for PBXNativeTarget "ElectroluxCodingExerciseUITests" */ = {
			isa = XCConfigurationList;
			buildConfigurations = (
				E8909E7C26A7CD16003D2E8A /* Debug */,
				E8909E7D26A7CD16003D2E8A /* Release */,
			);
			defaultConfigurationIsVisible = 0;
			defaultConfigurationName = Release;
		};
/* End XCConfigurationList section */
	};
	rootObject = E8909E4326A7CD12003D2E8A /* Project object */;
}
